
Microsoft Visual Studio Solution File, Format Version 12.00
# Visual Studio Version 17
VisualStudioVersion = 17.3.32929.385
MinimumVisualStudioVersion = 10.0.40219.1
Project("{FAE04EC0-301F-11D3-BF4B-00C04F79EFBC}") = "HCMUS_BMCSDL_Lab03", "HCMUS_BMCSDL_Lab03.csproj", "{A7EAC08D-0362-4190-AFB2-E428D5CD34A2}"
EndProject
Global
	GlobalSection(SolutionConfigurationPlatforms) = preSolution
		Debug|Any CPU = Debug|Any CPU
		Release|Any CPU = Release|Any CPU
	EndGlobalSection
	GlobalSection(ProjectConfigurationPlatforms) = postSolution
		{A7EAC08D-0362-4190-AFB2-E428D5CD34A2}.Debug|Any CPU.ActiveCfg = Debug|Any CPU
		{A7EAC08D-0362-4190-AFB2-E428D5CD34A2}.Debug|Any CPU.Build.0 = Debug|Any CPU
		{A7EAC08D-0362-4190-AFB2-E428D5CD34A2}.Release|Any CPU.ActiveCfg = Release|Any CPU
		{A7EAC08D-0362-4190-AFB2-E428D5CD34A2}.Release|Any CPU.Build.0 = Release|Any CPU
	EndGlobalSection
	GlobalSection(SolutionProperties) = preSolution
		HideSolutionNode = FALSE
	EndGlobalSection
	GlobalSection(ExtensibilityGlobals) = postSolution
		SolutionGuid = {16938A47-153D-4B5E-ADCD-E49EC7BF8612}
	EndGlobalSection
EndGlobal
